PODS:
  - Bolts (1.7.0):
    - Bolts/AppLinks (= 1.7.0)
    - Bolts/Tasks (= 1.7.0)
  - Bolts/AppLinks (1.7.0):
    - Bolts/Tasks
  - Bolts/Tasks (1.7.0)
  - Charts (2.2.5):
    - Charts/Core (= 2.2.5)
  - Charts/Core (2.2.5)
  - FBSDKCoreKit (4.12.0):
    - Bolts (~> 1.7)
  - FBSDKLoginKit (4.12.0):
    - FBSDKCoreKit
  - FBSDKShareKit (4.12.0):
    - FBSDKCoreKit
  - PureLayout (3.0.1)
  - SideMenu (1.1.7)

DEPENDENCIES:
  - Charts
  - FBSDKCoreKit
  - FBSDKLoginKit
  - FBSDKShareKit
  - PureLayout
  - SideMenu

SPEC CHECKSUMS:
  Bolts: a0058fa3b331c5a1e4402d534f2dae36dbff31e4
  Charts: b48fcc8d7190de910ff9e9748f5360c8ea7856e5
  FBSDKCoreKit: 6e56d5a2a64a755ad4efb5dbeee8f82fb1b99775
  FBSDKLoginKit: 03f68a8d48c2c8bb81d7eb8097973d483543e1f6
  FBSDKShareKit: df1491f064cffc8ebcc3fc8b71be94cc190c728e
  PureLayout: f35f5384c9c4e4479df041dbe33ad7577b71ddfb
  SideMenu: 7b420772e1aa7a2b3a0b0e191566e7e8e0868f53

COCOAPODS: 0.39.0
