// !$*UTF8*$!
{
	archiveVersion = 1;
	classes = {
	};
	objectVersion = 46;
	objects = {

/* Begin PBXBuildFile section */
		640967811CF54EA100D630E1 /* AppDelegate.swift in Sources */ = {isa = PBXBuildFile; fileRef = 640967801CF54EA100D630E1 /* AppDelegate.swift */; };
		640967831CF54EA100D630E1 /* BaseViewController.swift in Sources */ = {isa = PBXBuildFile; fileRef = 640967821CF54EA100D630E1 /* BaseViewController.swift */; };
		640967861CF54EA100D630E1 /* Main.storyboard in Resources */ = {isa = PBXBuildFile; fileRef = 640967841CF54EA100D630E1 /* Main.storyboard */; };
		640967881CF54EA100D630E1 /* Assets.xcassets in Resources */ = {isa = PBXBuildFile; fileRef = 640967871CF54EA100D630E1 /* Assets.xcassets */; };
		6409678B1CF54EA100D630E1 /* LaunchScreen.storyboard in Resources */ = {isa = PBXBuildFile; fileRef = 640967891CF54EA100D630E1 /* LaunchScreen.storyboard */; };
		6409679B1CF570ED00D630E1 /* SideMenuTableViewController.swift in Sources */ = {isa = PBXBuildFile; fileRef = 6409679A1CF570ED00D630E1 /* SideMenuTableViewController.swift */; };
		6409679D1CF5759A00D630E1 /* HomeViewController.swift in Sources */ = {isa = PBXBuildFile; fileRef = 6409679C1CF5759A00D630E1 /* HomeViewController.swift */; };
		6409679F1CF575AF00D630E1 /* HistoryViewController.swift in Sources */ = {isa = PBXBuildFile; fileRef = 6409679E1CF575AF00D630E1 /* HistoryViewController.swift */; };
		640967A11CF575C100D630E1 /* TrackingPageViewController.swift in Sources */ = {isa = PBXBuildFile; fileRef = 640967A01CF575C100D630E1 /* TrackingPageViewController.swift */; };
		640967A41CF578FA00D630E1 /* SideMenuViewCell.swift in Sources */ = {isa = PBXBuildFile; fileRef = 640967A21CF578FA00D630E1 /* SideMenuViewCell.swift */; };
		640967A51CF578FA00D630E1 /* SideMenuViewCell.xib in Resources */ = {isa = PBXBuildFile; fileRef = 640967A31CF578FA00D630E1 /* SideMenuViewCell.xib */; };
		640967A71CF59B5400D630E1 /* RecordPageViewController.swift in Sources */ = {isa = PBXBuildFile; fileRef = 640967A61CF59B5400D630E1 /* RecordPageViewController.swift */; };
		640967A91CF5AF1D00D630E1 /* UIColor+MRAdditions.swift in Sources */ = {isa = PBXBuildFile; fileRef = 640967A81CF5AF1D00D630E1 /* UIColor+MRAdditions.swift */; };
		640967B71CF5E5FE00D630E1 /* LICENSE.txt in Resources */ = {isa = PBXBuildFile; fileRef = 640967AC1CF5E5FE00D630E1 /* LICENSE.txt */; };
		640967B81CF5E5FE00D630E1 /* RobotoMono-Bold.ttf in Resources */ = {isa = PBXBuildFile; fileRef = 640967AD1CF5E5FE00D630E1 /* RobotoMono-Bold.ttf */; };
		640967B91CF5E5FE00D630E1 /* RobotoMono-BoldItalic.ttf in Resources */ = {isa = PBXBuildFile; fileRef = 640967AE1CF5E5FE00D630E1 /* RobotoMono-BoldItalic.ttf */; };
		640967BA1CF5E5FE00D630E1 /* RobotoMono-Italic.ttf in Resources */ = {isa = PBXBuildFile; fileRef = 640967AF1CF5E5FE00D630E1 /* RobotoMono-Italic.ttf */; };
		640967BB1CF5E5FE00D630E1 /* RobotoMono-Light.ttf in Resources */ = {isa = PBXBuildFile; fileRef = 640967B01CF5E5FE00D630E1 /* RobotoMono-Light.ttf */; };
		640967BC1CF5E5FE00D630E1 /* RobotoMono-LightItalic.ttf in Resources */ = {isa = PBXBuildFile; fileRef = 640967B11CF5E5FE00D630E1 /* RobotoMono-LightItalic.ttf */; };
		640967BD1CF5E5FE00D630E1 /* RobotoMono-Medium.ttf in Resources */ = {isa = PBXBuildFile; fileRef = 640967B21CF5E5FE00D630E1 /* RobotoMono-Medium.ttf */; };
		640967BE1CF5E5FE00D630E1 /* RobotoMono-MediumItalic.ttf in Resources */ = {isa = PBXBuildFile; fileRef = 640967B31CF5E5FE00D630E1 /* RobotoMono-MediumItalic.ttf */; };
		640967BF1CF5E5FE00D630E1 /* RobotoMono-Regular.ttf in Resources */ = {isa = PBXBuildFile; fileRef = 640967B41CF5E5FE00D630E1 /* RobotoMono-Regular.ttf */; };
		640967C01CF5E5FE00D630E1 /* RobotoMono-Thin.ttf in Resources */ = {isa = PBXBuildFile; fileRef = 640967B51CF5E5FE00D630E1 /* RobotoMono-Thin.ttf */; };
		640967C11CF5E5FE00D630E1 /* RobotoMono-ThinItalic.ttf in Resources */ = {isa = PBXBuildFile; fileRef = 640967B61CF5E5FE00D630E1 /* RobotoMono-ThinItalic.ttf */; };
		640968051CF836BC00D630E1 /* MapKit.framework in Frameworks */ = {isa = PBXBuildFile; fileRef = 640968041CF836BC00D630E1 /* MapKit.framework */; };
		640968071CFC879700D630E1 /* CalorieCalculator.swift in Sources */ = {isa = PBXBuildFile; fileRef = 640968061CFC879700D630E1 /* CalorieCalculator.swift */; };
		640968091CFD3D8600D630E1 /* RideModel.swift in Sources */ = {isa = PBXBuildFile; fileRef = 640968081CFD3D8600D630E1 /* RideModel.swift */; };
		6409680B1CFD607700D630E1 /* MapViewController.swift in Sources */ = {isa = PBXBuildFile; fileRef = 6409680A1CFD607700D630E1 /* MapViewController.swift */; };
		6409680D1CFD7C4500D630E1 /* TrackingControlButton.swift in Sources */ = {isa = PBXBuildFile; fileRef = 6409680C1CFD7C4500D630E1 /* TrackingControlButton.swift */; };
		643B90851D07FCF50073C9C2 /* DataManager.swift in Sources */ = {isa = PBXBuildFile; fileRef = 643B90841D07FCF50073C9C2 /* DataManager.swift */; };
		6457CAE01D0E5EE4002169D4 /* LoginViewController.swift in Sources */ = {isa = PBXBuildFile; fileRef = 6457CADF1D0E5EE4002169D4 /* LoginViewController.swift */; };
		6457CAE21D112DA3002169D4 /* Social.framework in Frameworks */ = {isa = PBXBuildFile; fileRef = 6457CAE11D112DA3002169D4 /* Social.framework */; };
		6457CAE41D125067002169D4 /* InfoMapViewController.swift in Sources */ = {isa = PBXBuildFile; fileRef = 6457CAE31D125067002169D4 /* InfoMapViewController.swift */; };
		6457CAE61D127D26002169D4 /* JSONParser.swift in Sources */ = {isa = PBXBuildFile; fileRef = 6457CAE51D127D26002169D4 /* JSONParser.swift */; };
		6458A5221D17DA8400B81AA9 /* CustomAnnotationView.swift in Sources */ = {isa = PBXBuildFile; fileRef = 6458A5211D17DA8400B81AA9 /* CustomAnnotationView.swift */; };
		6458A5241D18E61700B81AA9 /* CustomMKPointAnnotation.swift in Sources */ = {isa = PBXBuildFile; fileRef = 6458A5231D18E61700B81AA9 /* CustomMKPointAnnotation.swift */; };
		6484210D1CFE7130002F993F /* rideData.xcdatamodeld in Sources */ = {isa = PBXBuildFile; fileRef = 6484210B1CFE7130002F993F /* rideData.xcdatamodeld */; };
		6484210F1CFE774A002F993F /* CoreData.framework in Frameworks */ = {isa = PBXBuildFile; fileRef = 6484210E1CFE774A002F993F /* CoreData.framework */; };
		6484213D1CFE7DF9002F993F /* RouteEntity+CoreDataProperties.swift in Sources */ = {isa = PBXBuildFile; fileRef = 648421391CFE7DF8002F993F /* RouteEntity+CoreDataProperties.swift */; };
		6484213E1CFE7DF9002F993F /* RouteEntity.swift in Sources */ = {isa = PBXBuildFile; fileRef = 6484213A1CFE7DF9002F993F /* RouteEntity.swift */; };
		6484213F1CFE7DF9002F993F /* RideEntity+CoreDataProperties.swift in Sources */ = {isa = PBXBuildFile; fileRef = 6484213B1CFE7DF9002F993F /* RideEntity+CoreDataProperties.swift */; };
		648421401CFE7DF9002F993F /* RideEntity.swift in Sources */ = {isa = PBXBuildFile; fileRef = 6484213C1CFE7DF9002F993F /* RideEntity.swift */; };
		648421421CFED2CD002F993F /* HistoryCell.xib in Resources */ = {isa = PBXBuildFile; fileRef = 648421411CFED2CD002F993F /* HistoryCell.xib */; };
		648421441D002985002F993F /* HistoryViewCell.swift in Sources */ = {isa = PBXBuildFile; fileRef = 648421431D002985002F993F /* HistoryViewCell.swift */; };
		648421461D012FBE002F993F /* HistoryHeaderView.swift in Sources */ = {isa = PBXBuildFile; fileRef = 648421451D012FBE002F993F /* HistoryHeaderView.swift */; };
		648421481D013341002F993F /* HistoryHeaderView.xib in Resources */ = {isa = PBXBuildFile; fileRef = 648421471D013341002F993F /* HistoryHeaderView.xib */; };
		648D886E1D1A84E800A4ED86 /* ToiletInfoEntity+CoreDataProperties.swift in Sources */ = {isa = PBXBuildFile; fileRef = 648D886C1D1A84E800A4ED86 /* ToiletInfoEntity+CoreDataProperties.swift */; };
		648D886F1D1A84E800A4ED86 /* ToiletInfoEntity.swift in Sources */ = {isa = PBXBuildFile; fileRef = 648D886D1D1A84E800A4ED86 /* ToiletInfoEntity.swift */; };
		B4486C04AB7D1BD24919AAB2 /* Pods_Mr_Ride.framework in Frameworks */ = {isa = PBXBuildFile; fileRef = 022262F6A19867F44EC2B00A /* Pods_Mr_Ride.framework */; };
/* End PBXBuildFile section */

/* Begin PBXFileReference section */
		022262F6A19867F44EC2B00A /* Pods_Mr_Ride.framework */ = {isa = PBXFileReference; explicitFileType = wrapper.framework; includeInIndex = 0; path = Pods_Mr_Ride.framework; sourceTree = BUILT_PRODUCTS_DIR; };
		626494F0A04D7D3344F1D4CD /* Pods-Mr-Ride.debug.xcconfig */ = {isa = PBXFileReference; includeInIndex = 1; lastKnownFileType = text.xcconfig; name = "Pods-Mr-Ride.debug.xcconfig"; path = "Pods/Target Support Files/Pods-Mr-Ride/Pods-Mr-Ride.debug.xcconfig"; sourceTree = "<group>"; };
		6409677D1CF54EA100D630E1 /* Mr-Ride.app */ = {isa = PBXFileReference; explicitFileType = wrapper.application; includeInIndex = 0; path = "Mr-Ride.app"; sourceTree = BUILT_PRODUCTS_DIR; };
		640967801CF54EA100D630E1 /* AppDelegate.swift */ = {isa = PBXFileReference; lastKnownFileType = sourcecode.swift; path = AppDelegate.swift; sourceTree = "<group>"; };
		640967821CF54EA100D630E1 /* BaseViewController.swift */ = {isa = PBXFileReference; lastKnownFileType = sourcecode.swift; name = BaseViewController.swift; path = ../BaseViewController.swift; sourceTree = "<group>"; };
		640967851CF54EA100D630E1 /* Base */ = {isa = PBXFileReference; lastKnownFileType = file.storyboard; name = Base; path = Base.lproj/Main.storyboard; sourceTree = "<group>"; };
		640967871CF54EA100D630E1 /* Assets.xcassets */ = {isa = PBXFileReference; lastKnownFileType = folder.assetcatalog; path = Assets.xcassets; sourceTree = "<group>"; };
		6409678A1CF54EA100D630E1 /* Base */ = {isa = PBXFileReference; lastKnownFileType = file.storyboard; name = Base; path = Base.lproj/LaunchScreen.storyboard; sourceTree = "<group>"; };
		6409678C1CF54EA100D630E1 /* Info.plist */ = {isa = PBXFileReference; lastKnownFileType = text.plist.xml; path = Info.plist; sourceTree = "<group>"; };
		6409679A1CF570ED00D630E1 /* SideMenuTableViewController.swift */ = {isa = PBXFileReference; fileEncoding = 4; lastKnownFileType = sourcecode.swift; path = SideMenuTableViewController.swift; sourceTree = "<group>"; };
		6409679C1CF5759A00D630E1 /* HomeViewController.swift */ = {isa = PBXFileReference; fileEncoding = 4; lastKnownFileType = sourcecode.swift; path = HomeViewController.swift; sourceTree = "<group>"; };
		6409679E1CF575AF00D630E1 /* HistoryViewController.swift */ = {isa = PBXFileReference; fileEncoding = 4; lastKnownFileType = sourcecode.swift; path = HistoryViewController.swift; sourceTree = "<group>"; };
		640967A01CF575C100D630E1 /* TrackingPageViewController.swift */ = {isa = PBXFileReference; fileEncoding = 4; lastKnownFileType = sourcecode.swift; path = TrackingPageViewController.swift; sourceTree = "<group>"; };
		640967A21CF578FA00D630E1 /* SideMenuViewCell.swift */ = {isa = PBXFileReference; fileEncoding = 4; lastKnownFileType = sourcecode.swift; path = SideMenuViewCell.swift; sourceTree = "<group>"; };
		640967A31CF578FA00D630E1 /* SideMenuViewCell.xib */ = {isa = PBXFileReference; fileEncoding = 4; lastKnownFileType = file.xib; path = SideMenuViewCell.xib; sourceTree = "<group>"; };
		640967A61CF59B5400D630E1 /* RecordPageViewController.swift */ = {isa = PBXFileReference; fileEncoding = 4; lastKnownFileType = sourcecode.swift; path = RecordPageViewController.swift; sourceTree = "<group>"; };
		640967A81CF5AF1D00D630E1 /* UIColor+MRAdditions.swift */ = {isa = PBXFileReference; fileEncoding = 4; lastKnownFileType = sourcecode.swift; path = "UIColor+MRAdditions.swift"; sourceTree = "<group>"; };
		640967AC1CF5E5FE00D630E1 /* LICENSE.txt */ = {isa = PBXFileReference; fileEncoding = 4; lastKnownFileType = text; path = LICENSE.txt; sourceTree = "<group>"; };
		640967AD1CF5E5FE00D630E1 /* RobotoMono-Bold.ttf */ = {isa = PBXFileReference; lastKnownFileType = file; path = "RobotoMono-Bold.ttf"; sourceTree = "<group>"; };
		640967AE1CF5E5FE00D630E1 /* RobotoMono-BoldItalic.ttf */ = {isa = PBXFileReference; lastKnownFileType = file; path = "RobotoMono-BoldItalic.ttf"; sourceTree = "<group>"; };
		640967AF1CF5E5FE00D630E1 /* RobotoMono-Italic.ttf */ = {isa = PBXFileReference; lastKnownFileType = file; path = "RobotoMono-Italic.ttf"; sourceTree = "<group>"; };
		640967B01CF5E5FE00D630E1 /* RobotoMono-Light.ttf */ = {isa = PBXFileReference; lastKnownFileType = file; path = "RobotoMono-Light.ttf"; sourceTree = "<group>"; };
		640967B11CF5E5FE00D630E1 /* RobotoMono-LightItalic.ttf */ = {isa = PBXFileReference; lastKnownFileType = file; path = "RobotoMono-LightItalic.ttf"; sourceTree = "<group>"; };
		640967B21CF5E5FE00D630E1 /* RobotoMono-Medium.ttf */ = {isa = PBXFileReference; lastKnownFileType = file; path = "RobotoMono-Medium.ttf"; sourceTree = "<group>"; };
		640967B31CF5E5FE00D630E1 /* RobotoMono-MediumItalic.ttf */ = {isa = PBXFileReference; lastKnownFileType = file; path = "RobotoMono-MediumItalic.ttf"; sourceTree = "<group>"; };
		640967B41CF5E5FE00D630E1 /* RobotoMono-Regular.ttf */ = {isa = PBXFileReference; lastKnownFileType = file; path = "RobotoMono-Regular.ttf"; sourceTree = "<group>"; };
		640967B51CF5E5FE00D630E1 /* RobotoMono-Thin.ttf */ = {isa = PBXFileReference; lastKnownFileType = file; path = "RobotoMono-Thin.ttf"; sourceTree = "<group>"; };
		640967B61CF5E5FE00D630E1 /* RobotoMono-ThinItalic.ttf */ = {isa = PBXFileReference; lastKnownFileType = file; path = "RobotoMono-ThinItalic.ttf"; sourceTree = "<group>"; };
		640968041CF836BC00D630E1 /* MapKit.framework */ = {isa = PBXFileReference; lastKnownFileType = wrapper.framework; name = MapKit.framework; path = System/Library/Frameworks/MapKit.framework; sourceTree = SDKROOT; };
		640968061CFC879700D630E1 /* CalorieCalculator.swift */ = {isa = PBXFileReference; fileEncoding = 4; lastKnownFileType = sourcecode.swift; path = CalorieCalculator.swift; sourceTree = "<group>"; };
		640968081CFD3D8600D630E1 /* RideModel.swift */ = {isa = PBXFileReference; fileEncoding = 4; lastKnownFileType = sourcecode.swift; path = RideModel.swift; sourceTree = "<group>"; };
		6409680A1CFD607700D630E1 /* MapViewController.swift */ = {isa = PBXFileReference; fileEncoding = 4; lastKnownFileType = sourcecode.swift; path = MapViewController.swift; sourceTree = "<group>"; };
		6409680C1CFD7C4500D630E1 /* TrackingControlButton.swift */ = {isa = PBXFileReference; fileEncoding = 4; lastKnownFileType = sourcecode.swift; path = TrackingControlButton.swift; sourceTree = "<group>"; };
		643B90841D07FCF50073C9C2 /* DataManager.swift */ = {isa = PBXFileReference; fileEncoding = 4; lastKnownFileType = sourcecode.swift; path = DataManager.swift; sourceTree = "<group>"; };
		6457CA9C1D095A65002169D4 /* rideData 2.xcdatamodel */ = {isa = PBXFileReference; lastKnownFileType = wrapper.xcdatamodel; path = "rideData 2.xcdatamodel"; sourceTree = "<group>"; };
		6457CADF1D0E5EE4002169D4 /* LoginViewController.swift */ = {isa = PBXFileReference; fileEncoding = 4; lastKnownFileType = sourcecode.swift; path = LoginViewController.swift; sourceTree = "<group>"; };
		6457CAE11D112DA3002169D4 /* Social.framework */ = {isa = PBXFileReference; lastKnownFileType = wrapper.framework; name = Social.framework; path = System/Library/Frameworks/Social.framework; sourceTree = SDKROOT; };
		6457CAE31D125067002169D4 /* InfoMapViewController.swift */ = {isa = PBXFileReference; fileEncoding = 4; lastKnownFileType = sourcecode.swift; path = InfoMapViewController.swift; sourceTree = "<group>"; };
		6457CAE51D127D26002169D4 /* JSONParser.swift */ = {isa = PBXFileReference; fileEncoding = 4; lastKnownFileType = sourcecode.swift; path = JSONParser.swift; sourceTree = "<group>"; };
		6458A5211D17DA8400B81AA9 /* CustomAnnotationView.swift */ = {isa = PBXFileReference; fileEncoding = 4; lastKnownFileType = sourcecode.swift; path = CustomAnnotationView.swift; sourceTree = "<group>"; };
		6458A5231D18E61700B81AA9 /* CustomMKPointAnnotation.swift */ = {isa = PBXFileReference; fileEncoding = 4; lastKnownFileType = sourcecode.swift; path = CustomMKPointAnnotation.swift; sourceTree = "<group>"; };
		6484210C1CFE7130002F993F /* rideData.xcdatamodel */ = {isa = PBXFileReference; lastKnownFileType = wrapper.xcdatamodel; path = rideData.xcdatamodel; sourceTree = "<group>"; };
		6484210E1CFE774A002F993F /* CoreData.framework */ = {isa = PBXFileReference; lastKnownFileType = wrapper.framework; name = CoreData.framework; path = System/Library/Frameworks/CoreData.framework; sourceTree = SDKROOT; };
		648421391CFE7DF8002F993F /* RouteEntity+CoreDataProperties.swift */ = {isa = PBXFileReference; fileEncoding = 4; lastKnownFileType = sourcecode.swift; path = "RouteEntity+CoreDataProperties.swift"; sourceTree = "<group>"; };
		6484213A1CFE7DF9002F993F /* RouteEntity.swift */ = {isa = PBXFileReference; fileEncoding = 4; lastKnownFileType = sourcecode.swift; path = RouteEntity.swift; sourceTree = "<group>"; };
		6484213B1CFE7DF9002F993F /* RideEntity+CoreDataProperties.swift */ = {isa = PBXFileReference; fileEncoding = 4; lastKnownFileType = sourcecode.swift; path = "RideEntity+CoreDataProperties.swift"; sourceTree = "<group>"; };
		6484213C1CFE7DF9002F993F /* RideEntity.swift */ = {isa = PBXFileReference; fileEncoding = 4; lastKnownFileType = sourcecode.swift; path = RideEntity.swift; sourceTree = "<group>"; };
		648421411CFED2CD002F993F /* HistoryCell.xib */ = {isa = PBXFileReference; fileEncoding = 4; lastKnownFileType = file.xib; path = HistoryCell.xib; sourceTree = "<group>"; };
		648421431D002985002F993F /* HistoryViewCell.swift */ = {isa = PBXFileReference; fileEncoding = 4; lastKnownFileType = sourcecode.swift; path = HistoryViewCell.swift; sourceTree = "<group>"; };
		648421451D012FBE002F993F /* HistoryHeaderView.swift */ = {isa = PBXFileReference; fileEncoding = 4; lastKnownFileType = sourcecode.swift; path = HistoryHeaderView.swift; sourceTree = "<group>"; };
		648421471D013341002F993F /* HistoryHeaderView.xib */ = {isa = PBXFileReference; fileEncoding = 4; lastKnownFileType = file.xib; path = HistoryHeaderView.xib; sourceTree = "<group>"; };
		648D886B1D1A7FDE00A4ED86 /* rideData 3.xcdatamodel */ = {isa = PBXFileReference; lastKnownFileType = wrapper.xcdatamodel; path = "rideData 3.xcdatamodel"; sourceTree = "<group>"; };
		648D886C1D1A84E800A4ED86 /* ToiletInfoEntity+CoreDataProperties.swift */ = {isa = PBXFileReference; fileEncoding = 4; lastKnownFileType = sourcecode.swift; path = "ToiletInfoEntity+CoreDataProperties.swift"; sourceTree = "<group>"; };
		648D886D1D1A84E800A4ED86 /* ToiletInfoEntity.swift */ = {isa = PBXFileReference; fileEncoding = 4; lastKnownFileType = sourcecode.swift; path = ToiletInfoEntity.swift; sourceTree = "<group>"; };
		A02CCFE3A255BB872FAE0374 /* Pods-Mr-Ride.release.xcconfig */ = {isa = PBXFileReference; includeInIndex = 1; lastKnownFileType = text.xcconfig; name = "Pods-Mr-Ride.release.xcconfig"; path = "Pods/Target Support Files/Pods-Mr-Ride/Pods-Mr-Ride.release.xcconfig"; sourceTree = "<group>"; };
/* End PBXFileReference section */

/* Begin PBXFrameworksBuildPhase section */
		6409677A1CF54EA100D630E1 /* Frameworks */ = {
			isa = PBXFrameworksBuildPhase;
			buildActionMask = 2147483647;
			files = (
				6457CAE21D112DA3002169D4 /* Social.framework in Frameworks */,
				6484210F1CFE774A002F993F /* CoreData.framework in Frameworks */,
				640968051CF836BC00D630E1 /* MapKit.framework in Frameworks */,
				B4486C04AB7D1BD24919AAB2 /* Pods_Mr_Ride.framework in Frameworks */,
			);
			runOnlyForDeploymentPostprocessing = 0;
		};
/* End PBXFrameworksBuildPhase section */

/* Begin PBXGroup section */
		4B46E9C44209973949C19BBD /* Pods */ = {
			isa = PBXGroup;
			children = (
				626494F0A04D7D3344F1D4CD /* Pods-Mr-Ride.debug.xcconfig */,
				A02CCFE3A255BB872FAE0374 /* Pods-Mr-Ride.release.xcconfig */,
			);
			name = Pods;
			sourceTree = "<group>";
		};
		640967741CF54EA100D630E1 = {
			isa = PBXGroup;
			children = (
				6409677F1CF54EA100D630E1 /* Mr-Ride */,
				6409677E1CF54EA100D630E1 /* Products */,
				4B46E9C44209973949C19BBD /* Pods */,
				91CCC477A9B09BE78274599B /* Frameworks */,
			);
			sourceTree = "<group>";
		};
		6409677E1CF54EA100D630E1 /* Products */ = {
			isa = PBXGroup;
			children = (
				6409677D1CF54EA100D630E1 /* Mr-Ride.app */,
			);
			name = Products;
			sourceTree = "<group>";
		};
		6409677F1CF54EA100D630E1 /* Mr-Ride */ = {
			isa = PBXGroup;
			children = (
				643B90831D07FCCA0073C9C2 /* Helper */,
				640967981CF5708800D630E1 /* Resource */,
				640967971CF5707C00D630E1 /* Model */,
				640967991CF5709E00D630E1 /* View */,
				640967941CF56F3B00D630E1 /* Controller */,
				640967801CF54EA100D630E1 /* AppDelegate.swift */,
				640967841CF54EA100D630E1 /* Main.storyboard */,
				640967871CF54EA100D630E1 /* Assets.xcassets */,
				640967891CF54EA100D630E1 /* LaunchScreen.storyboard */,
				6409678C1CF54EA100D630E1 /* Info.plist */,
			);
			path = "Mr-Ride";
			sourceTree = "<group>";
		};
		640967941CF56F3B00D630E1 /* Controller */ = {
			isa = PBXGroup;
			children = (
				6409679A1CF570ED00D630E1 /* SideMenuTableViewController.swift */,
				640967821CF54EA100D630E1 /* BaseViewController.swift */,
				6409679C1CF5759A00D630E1 /* HomeViewController.swift */,
				6409679E1CF575AF00D630E1 /* HistoryViewController.swift */,
				6457CAE31D125067002169D4 /* InfoMapViewController.swift */,
				640967A01CF575C100D630E1 /* TrackingPageViewController.swift */,
				640967A61CF59B5400D630E1 /* RecordPageViewController.swift */,
				6409680A1CFD607700D630E1 /* MapViewController.swift */,
				6457CADF1D0E5EE4002169D4 /* LoginViewController.swift */,
			);
			path = Controller;
			sourceTree = "<group>";
		};
		640967971CF5707C00D630E1 /* Model */ = {
			isa = PBXGroup;
			children = (
				648D886C1D1A84E800A4ED86 /* ToiletInfoEntity+CoreDataProperties.swift */,
				648D886D1D1A84E800A4ED86 /* ToiletInfoEntity.swift */,
				648421391CFE7DF8002F993F /* RouteEntity+CoreDataProperties.swift */,
				6484213A1CFE7DF9002F993F /* RouteEntity.swift */,
				6484213B1CFE7DF9002F993F /* RideEntity+CoreDataProperties.swift */,
				6484213C1CFE7DF9002F993F /* RideEntity.swift */,
				640968061CFC879700D630E1 /* CalorieCalculator.swift */,
				640968081CFD3D8600D630E1 /* RideModel.swift */,
				6484210B1CFE7130002F993F /* rideData.xcdatamodeld */,
			);
			path = Model;
			sourceTree = "<group>";
		};
		640967981CF5708800D630E1 /* Resource */ = {
			isa = PBXGroup;
			children = (
				640967AA1CF5E5FE00D630E1 /* additional fonts */,
				640967A81CF5AF1D00D630E1 /* UIColor+MRAdditions.swift */,
			);
			path = Resource;
			sourceTree = "<group>";
		};
		640967991CF5709E00D630E1 /* View */ = {
			isa = PBXGroup;
			children = (
				640967A21CF578FA00D630E1 /* SideMenuViewCell.swift */,
				640967A31CF578FA00D630E1 /* SideMenuViewCell.xib */,
				648421431D002985002F993F /* HistoryViewCell.swift */,
				648421411CFED2CD002F993F /* HistoryCell.xib */,
				648421451D012FBE002F993F /* HistoryHeaderView.swift */,
				648421471D013341002F993F /* HistoryHeaderView.xib */,
				6409680C1CFD7C4500D630E1 /* TrackingControlButton.swift */,
				6458A5211D17DA8400B81AA9 /* CustomAnnotationView.swift */,
				6458A5231D18E61700B81AA9 /* CustomMKPointAnnotation.swift */,
			);
			path = View;
			sourceTree = "<group>";
		};
		640967AA1CF5E5FE00D630E1 /* additional fonts */ = {
			isa = PBXGroup;
			children = (
				640967AB1CF5E5FE00D630E1 /* Roboto_Mono */,
			);
			path = "additional fonts";
			sourceTree = "<group>";
		};
		640967AB1CF5E5FE00D630E1 /* Roboto_Mono */ = {
			isa = PBXGroup;
			children = (
				640967AC1CF5E5FE00D630E1 /* LICENSE.txt */,
				640967AD1CF5E5FE00D630E1 /* RobotoMono-Bold.ttf */,
				640967AE1CF5E5FE00D630E1 /* RobotoMono-BoldItalic.ttf */,
				640967AF1CF5E5FE00D630E1 /* RobotoMono-Italic.ttf */,
				640967B01CF5E5FE00D630E1 /* RobotoMono-Light.ttf */,
				640967B11CF5E5FE00D630E1 /* RobotoMono-LightItalic.ttf */,
				640967B21CF5E5FE00D630E1 /* RobotoMono-Medium.ttf */,
				640967B31CF5E5FE00D630E1 /* RobotoMono-MediumItalic.ttf */,
				640967B41CF5E5FE00D630E1 /* RobotoMono-Regular.ttf */,
				640967B51CF5E5FE00D630E1 /* RobotoMono-Thin.ttf */,
				640967B61CF5E5FE00D630E1 /* RobotoMono-ThinItalic.ttf */,
			);
			path = Roboto_Mono;
			sourceTree = "<group>";
		};
		643B90831D07FCCA0073C9C2 /* Helper */ = {
			isa = PBXGroup;
			children = (
				643B90841D07FCF50073C9C2 /* DataManager.swift */,
				6457CAE51D127D26002169D4 /* JSONParser.swift */,
			);
			path = Helper;
			sourceTree = "<group>";
		};
		91CCC477A9B09BE78274599B /* Frameworks */ = {
			isa = PBXGroup;
			children = (
				6457CAE11D112DA3002169D4 /* Social.framework */,
				6484210E1CFE774A002F993F /* CoreData.framework */,
				640968041CF836BC00D630E1 /* MapKit.framework */,
				022262F6A19867F44EC2B00A /* Pods_Mr_Ride.framework */,
			);
			name = Frameworks;
			sourceTree = "<group>";
		};
/* End PBXGroup section */

/* Begin PBXNativeTarget section */
		6409677C1CF54EA100D630E1 /* Mr-Ride */ = {
			isa = PBXNativeTarget;
			buildConfigurationList = 6409678F1CF54EA100D630E1 /* Build configuration list for PBXNativeTarget "Mr-Ride" */;
			buildPhases = (
				FA218774EFC1B2FABB49C8F9 /* Check Pods Manifest.lock */,
				640967791CF54EA100D630E1 /* Sources */,
				6409677A1CF54EA100D630E1 /* Frameworks */,
				6409677B1CF54EA100D630E1 /* Resources */,
				44A5564E9064436CCF9BBEBA /* Embed Pods Frameworks */,
				955597057A6C66597270CFEC /* Copy Pods Resources */,
				648D88701D1D14F800A4ED86 /* ShellScript */,
			);
			buildRules = (
			);
			dependencies = (
			);
			name = "Mr-Ride";
			productName = "Mr-Ride";
			productReference = 6409677D1CF54EA100D630E1 /* Mr-Ride.app */;
			productType = "com.apple.product-type.application";
		};
/* End PBXNativeTarget section */

/* Begin PBXProject section */
		640967751CF54EA100D630E1 /* Project object */ = {
			isa = PBXProject;
			attributes = {
				LastSwiftUpdateCheck = 0730;
				LastUpgradeCheck = 0730;
				ORGANIZATIONNAME = "AppWorks School Hsien";
				TargetAttributes = {
					6409677C1CF54EA100D630E1 = {
						CreatedOnToolsVersion = 7.3.1;
						DevelopmentTeam = NNV239MSYK;
					};
				};
			};
			buildConfigurationList = 640967781CF54EA100D630E1 /* Build configuration list for PBXProject "Mr-Ride" */;
			compatibilityVersion = "Xcode 3.2";
			developmentRegion = English;
			hasScannedForEncodings = 0;
			knownRegions = (
				en,
				Base,
			);
			mainGroup = 640967741CF54EA100D630E1;
			productRefGroup = 6409677E1CF54EA100D630E1 /* Products */;
			projectDirPath = "";
			projectRoot = "";
			targets = (
				6409677C1CF54EA100D630E1 /* Mr-Ride */,
			);
		};
/* End PBXProject section */

/* Begin PBXResourcesBuildPhase section */
		6409677B1CF54EA100D630E1 /* Resources */ = {
			isa = PBXResourcesBuildPhase;
			buildActionMask = 2147483647;
			files = (
				648421481D013341002F993F /* HistoryHeaderView.xib in Resources */,
				640967C11CF5E5FE00D630E1 /* RobotoMono-ThinItalic.ttf in Resources */,
				6409678B1CF54EA100D630E1 /* LaunchScreen.storyboard in Resources */,
				648421421CFED2CD002F993F /* HistoryCell.xib in Resources */,
				640967BE1CF5E5FE00D630E1 /* RobotoMono-MediumItalic.ttf in Resources */,
				640967881CF54EA100D630E1 /* Assets.xcassets in Resources */,
				640967BA1CF5E5FE00D630E1 /* RobotoMono-Italic.ttf in Resources */,
				640967A51CF578FA00D630E1 /* SideMenuViewCell.xib in Resources */,
				640967C01CF5E5FE00D630E1 /* RobotoMono-Thin.ttf in Resources */,
				640967B81CF5E5FE00D630E1 /* RobotoMono-Bold.ttf in Resources */,
				640967B71CF5E5FE00D630E1 /* LICENSE.txt in Resources */,
				640967BB1CF5E5FE00D630E1 /* RobotoMono-Light.ttf in Resources */,
				640967BF1CF5E5FE00D630E1 /* RobotoMono-Regular.ttf in Resources */,
				640967861CF54EA100D630E1 /* Main.storyboard in Resources */,
				640967B91CF5E5FE00D630E1 /* RobotoMono-BoldItalic.ttf in Resources */,
				640967BD1CF5E5FE00D630E1 /* RobotoMono-Medium.ttf in Resources */,
				640967BC1CF5E5FE00D630E1 /* RobotoMono-LightItalic.ttf in Resources */,
			);
			runOnlyForDeploymentPostprocessing = 0;
		};
/* End PBXResourcesBuildPhase section */

/* Begin PBXShellScriptBuildPhase section */
		44A5564E9064436CCF9BBEBA /* Embed Pods Frameworks */ = {
			isa = PBXShellScriptBuildPhase;
			buildActionMask = 2147483647;
			files = (
			);
			inputPaths = (
			);
			name = "Embed Pods Frameworks";
			outputPaths = (
			);
			runOnlyForDeploymentPostprocessing = 0;
			shellPath = /bin/sh;
			shellScript = "\"${SRCROOT}/Pods/Target Support Files/Pods-Mr-Ride/Pods-Mr-Ride-frameworks.sh\"\n";
			showEnvVarsInLog = 0;
		};
		648D88701D1D14F800A4ED86 /* ShellScript */ = {
			isa = PBXShellScriptBuildPhase;
			buildActionMask = 2147483647;
			files = (
			);
			inputPaths = (
			);
			outputPaths = (
			);
			runOnlyForDeploymentPostprocessing = 0;
			shellPath = /bin/sh;
			shellScript = "\"${PODS_ROOT}/Fabric/run\" b96441b49a050949537f1395aa19d85ce7cd4549 f50d33ea06e0ca7619d1d05e91cc9d66eddbd0639ee6abaac25c5a836b964b41";
		};
		955597057A6C66597270CFEC /* Copy Pods Resources */ = {
			isa = PBXShellScriptBuildPhase;
			buildActionMask = 2147483647;
			files = (
			);
			inputPaths = (
			);
			name = "Copy Pods Resources";
			outputPaths = (
			);
			runOnlyForDeploymentPostprocessing = 0;
			shellPath = /bin/sh;
			shellScript = "\"${SRCROOT}/Pods/Target Support Files/Pods-Mr-Ride/Pods-Mr-Ride-resources.sh\"\n";
			showEnvVarsInLog = 0;
		};
		FA218774EFC1B2FABB49C8F9 /* Check Pods Manifest.lock */ = {
			isa = PBXShellScriptBuildPhase;
			buildActionMask = 2147483647;
			files = (
			);
			inputPaths = (
			);
			name = "Check Pods Manifest.lock";
			outputPaths = (
			);
			runOnlyForDeploymentPostprocessing = 0;
			shellPath = /bin/sh;
			shellScript = "diff \"${PODS_ROOT}/../Podfile.lock\" \"${PODS_ROOT}/Manifest.lock\" > /dev/null\nif [[ $? != 0 ]] ; then\n    cat << EOM\nerror: The sandbox is not in sync with the Podfile.lock. Run 'pod install' or update your CocoaPods installation.\nEOM\n    exit 1\nfi\n";
			showEnvVarsInLog = 0;
		};
/* End PBXShellScriptBuildPhase section */

/* Begin PBXSourcesBuildPhase section */
		640967791CF54EA100D630E1 /* Sources */ = {
			isa = PBXSourcesBuildPhase;
			buildActionMask = 2147483647;
			files = (
				640967831CF54EA100D630E1 /* BaseViewController.swift in Sources */,
				6458A5221D17DA8400B81AA9 /* CustomAnnotationView.swift in Sources */,
				6458A5241D18E61700B81AA9 /* CustomMKPointAnnotation.swift in Sources */,
				6409679B1CF570ED00D630E1 /* SideMenuTableViewController.swift in Sources */,
				6457CAE61D127D26002169D4 /* JSONParser.swift in Sources */,
				640967A11CF575C100D630E1 /* TrackingPageViewController.swift in Sources */,
				6484213F1CFE7DF9002F993F /* RideEntity+CoreDataProperties.swift in Sources */,
				6409680D1CFD7C4500D630E1 /* TrackingControlButton.swift in Sources */,
				648421441D002985002F993F /* HistoryViewCell.swift in Sources */,
				6484213D1CFE7DF9002F993F /* RouteEntity+CoreDataProperties.swift in Sources */,
				640967811CF54EA100D630E1 /* AppDelegate.swift in Sources */,
				640967A71CF59B5400D630E1 /* RecordPageViewController.swift in Sources */,
				640967A41CF578FA00D630E1 /* SideMenuViewCell.swift in Sources */,
				6457CAE01D0E5EE4002169D4 /* LoginViewController.swift in Sources */,
				643B90851D07FCF50073C9C2 /* DataManager.swift in Sources */,
				6484213E1CFE7DF9002F993F /* RouteEntity.swift in Sources */,
				6409679F1CF575AF00D630E1 /* HistoryViewController.swift in Sources */,
				648421461D012FBE002F993F /* HistoryHeaderView.swift in Sources */,
				6409680B1CFD607700D630E1 /* MapViewController.swift in Sources */,
				648D886E1D1A84E800A4ED86 /* ToiletInfoEntity+CoreDataProperties.swift in Sources */,
				648421401CFE7DF9002F993F /* RideEntity.swift in Sources */,
				6457CAE41D125067002169D4 /* InfoMapViewController.swift in Sources */,
				640968071CFC879700D630E1 /* CalorieCalculator.swift in Sources */,
				640968091CFD3D8600D630E1 /* RideModel.swift in Sources */,
				640967A91CF5AF1D00D630E1 /* UIColor+MRAdditions.swift in Sources */,
				6409679D1CF5759A00D630E1 /* HomeViewController.swift in Sources */,
				6484210D1CFE7130002F993F /* rideData.xcdatamodeld in Sources */,
				648D886F1D1A84E800A4ED86 /* ToiletInfoEntity.swift in Sources */,
			);
			runOnlyForDeploymentPostprocessing = 0;
		};
/* End PBXSourcesBuildPhase section */

/* Begin PBXVariantGroup section */
		640967841CF54EA100D630E1 /* Main.storyboard */ = {
			isa = PBXVariantGroup;
			children = (
				640967851CF54EA100D630E1 /* Base */,
			);
			name = Main.storyboard;
			sourceTree = "<group>";
		};
		640967891CF54EA100D630E1 /* LaunchScreen.storyboard */ = {
			isa = PBXVariantGroup;
			children = (
				6409678A1CF54EA100D630E1 /* Base */,
			);
			name = LaunchScreen.storyboard;
			sourceTree = "<group>";
		};
/* End PBXVariantGroup section */

/* Begin XCBuildConfiguration section */
		6409678D1CF54EA100D630E1 /* Debug */ = {
			isa = XCBuildConfiguration;
			buildSettings = {
				ALWAYS_SEARCH_USER_PATHS = NO;
				CLANG_ANALYZER_NONNULL = YES;
				CLANG_CXX_LANGUAGE_STANDARD = "gnu++0x";
				CLANG_CXX_LIBRARY = "libc++";
				CLANG_ENABLE_MODULES = YES;
				CLANG_ENABLE_OBJC_ARC = YES;
				CLANG_WARN_BOOL_CONVERSION = YES;
				CLANG_WARN_CONSTANT_CONVERSION = YES;
				CLANG_WARN_DIRECT_OBJC_ISA_USAGE = YES_ERROR;
				CLANG_WARN_EMPTY_BODY = YES;
				CLANG_WARN_ENUM_CONVERSION = YES;
				CLANG_WARN_INT_CONVERSION = YES;
				CLANG_WARN_OBJC_ROOT_CLASS = YES_ERROR;
				CLANG_WARN_UNREACHABLE_CODE = YES;
				CLANG_WARN__DUPLICATE_METHOD_MATCH = YES;
				"CODE_SIGN_IDENTITY[sdk=iphoneos*]" = "iPhone Developer";
				COPY_PHASE_STRIP = NO;
				DEBUG_INFORMATION_FORMAT = dwarf;
				ENABLE_STRICT_OBJC_MSGSEND = YES;
				ENABLE_TESTABILITY = YES;
				GCC_C_LANGUAGE_STANDARD = gnu99;
				GCC_DYNAMIC_NO_PIC = NO;
				GCC_NO_COMMON_BLOCKS = YES;
				GCC_OPTIMIZATION_LEVEL = 0;
				GCC_PREPROCESSOR_DEFINITIONS = (
					"DEBUG=1",
					"$(inherited)",
				);
				GCC_WARN_64_TO_32_BIT_CONVERSION = YES;
				GCC_WARN_ABOUT_RETURN_TYPE = YES_ERROR;
				GCC_WARN_UNDECLARED_SELECTOR = YES;
				GCC_WARN_UNINITIALIZED_AUTOS = YES_AGGRESSIVE;
				GCC_WARN_UNUSED_FUNCTION = YES;
				GCC_WARN_UNUSED_VARIABLE = YES;
				IPHONEOS_DEPLOYMENT_TARGET = 9.3;
				MTL_ENABLE_DEBUG_INFO = YES;
				ONLY_ACTIVE_ARCH = YES;
				SDKROOT = iphoneos;
				SWIFT_OPTIMIZATION_LEVEL = "-Onone";
			};
			name = Debug;
		};
		6409678E1CF54EA100D630E1 /* Release */ = {
			isa = XCBuildConfiguration;
			buildSettings = {
				ALWAYS_SEARCH_USER_PATHS = NO;
				CLANG_ANALYZER_NONNULL = YES;
				CLANG_CXX_LANGUAGE_STANDARD = "gnu++0x";
				CLANG_CXX_LIBRARY = "libc++";
				CLANG_ENABLE_MODULES = YES;
				CLANG_ENABLE_OBJC_ARC = YES;
				CLANG_WARN_BOOL_CONVERSION = YES;
				CLANG_WARN_CONSTANT_CONVERSION = YES;
				CLANG_WARN_DIRECT_OBJC_ISA_USAGE = YES_ERROR;
				CLANG_WARN_EMPTY_BODY = YES;
				CLANG_WARN_ENUM_CONVERSION = YES;
				CLANG_WARN_INT_CONVERSION = YES;
				CLANG_WARN_OBJC_ROOT_CLASS = YES_ERROR;
				CLANG_WARN_UNREACHABLE_CODE = YES;
				CLANG_WARN__DUPLICATE_METHOD_MATCH = YES;
				"CODE_SIGN_IDENTITY[sdk=iphoneos*]" = "iPhone Developer";
				COPY_PHASE_STRIP = NO;
				DEBUG_INFORMATION_FORMAT = "dwarf-with-dsym";
				ENABLE_NS_ASSERTIONS = NO;
				ENABLE_STRICT_OBJC_MSGSEND = YES;
				GCC_C_LANGUAGE_STANDARD = gnu99;
				GCC_NO_COMMON_BLOCKS = YES;
				GCC_WARN_64_TO_32_BIT_CONVERSION = YES;
				GCC_WARN_ABOUT_RETURN_TYPE = YES_ERROR;
				GCC_WARN_UNDECLARED_SELECTOR = YES;
				GCC_WARN_UNINITIALIZED_AUTOS = YES_AGGRESSIVE;
				GCC_WARN_UNUSED_FUNCTION = YES;
				GCC_WARN_UNUSED_VARIABLE = YES;
				IPHONEOS_DEPLOYMENT_TARGET = 9.3;
				MTL_ENABLE_DEBUG_INFO = NO;
				SDKROOT = iphoneos;
				VALIDATE_PRODUCT = YES;
			};
			name = Release;
		};
		640967901CF54EA100D630E1 /* Debug */ = {
			isa = XCBuildConfiguration;
			baseConfigurationReference = 626494F0A04D7D3344F1D4CD /* Pods-Mr-Ride.debug.xcconfig */;
			buildSettings = {
				ASSETCATALOG_COMPILER_APPICON_NAME = AppIcon;
				CODE_SIGN_IDENTITY = "iPhone Developer";
				"CODE_SIGN_IDENTITY[sdk=iphoneos*]" = "iPhone Developer";
				INFOPLIST_FILE = "Mr-Ride/Info.plist";
				IPHONEOS_DEPLOYMENT_TARGET = 8.0;
				LD_RUNPATH_SEARCH_PATHS = "$(inherited) @executable_path/Frameworks";
				PRODUCT_BUNDLE_IDENTIFIER = "com.appworks-school-hsien.Mr-Ride";
				PRODUCT_NAME = "$(TARGET_NAME)";
				PROVISIONING_PROFILE = "";
			};
			name = Debug;
		};
		640967911CF54EA100D630E1 /* Release */ = {
			isa = XCBuildConfiguration;
			baseConfigurationReference = A02CCFE3A255BB872FAE0374 /* Pods-Mr-Ride.release.xcconfig */;
			buildSettings = {
				ASSETCATALOG_COMPILER_APPICON_NAME = AppIcon;
				CODE_SIGN_IDENTITY = "iPhone Developer";
				"CODE_SIGN_IDENTITY[sdk=iphoneos*]" = "iPhone Developer";
				INFOPLIST_FILE = "Mr-Ride/Info.plist";
				IPHONEOS_DEPLOYMENT_TARGET = 8.0;
				LD_RUNPATH_SEARCH_PATHS = "$(inherited) @executable_path/Frameworks";
				PRODUCT_BUNDLE_IDENTIFIER = "com.appworks-school-hsien.Mr-Ride";
				PRODUCT_NAME = "$(TARGET_NAME)";
				PROVISIONING_PROFILE = "";
			};
			name = Release;
		};
/* End XCBuildConfiguration section */

/* Begin XCConfigurationList section */
		640967781CF54EA100D630E1 /* Build configuration list for PBXProject "Mr-Ride" */ = {
			isa = XCConfigurationList;
			buildConfigurations = (
				6409678D1CF54EA100D630E1 /* Debug */,
				6409678E1CF54EA100D630E1 /* Release */,
			);
			defaultConfigurationIsVisible = 0;
			defaultConfigurationName = Release;
		};
		6409678F1CF54EA100D630E1 /* Build configuration list for PBXNativeTarget "Mr-Ride" */ = {
			isa = XCConfigurationList;
			buildConfigurations = (
				640967901CF54EA100D630E1 /* Debug */,
				640967911CF54EA100D630E1 /* Release */,
			);
			defaultConfigurationIsVisible = 0;
			defaultConfigurationName = Release;
		};
/* End XCConfigurationList section */

/* Begin XCVersionGroup section */
		6484210B1CFE7130002F993F /* rideData.xcdatamodeld */ = {
			isa = XCVersionGroup;
			children = (
				648D886B1D1A7FDE00A4ED86 /* rideData 3.xcdatamodel */,
				6457CA9C1D095A65002169D4 /* rideData 2.xcdatamodel */,
				6484210C1CFE7130002F993F /* rideData.xcdatamodel */,
			);
			currentVersion = 648D886B1D1A7FDE00A4ED86 /* rideData 3.xcdatamodel */;
			path = rideData.xcdatamodeld;
			sourceTree = "<group>";
			versionGroupType = wrapper.xcdatamodel;
		};
/* End XCVersionGroup section */
	};
	rootObject = 640967751CF54EA100D630E1 /* Project object */;
}
